// !$*UTF8*$!
{
	archiveVersion = 1;
	classes = {
	};
	objectVersion = 50;
	objects = {

/* Begin PBXBuildFile section */
		D33C9CFC2177EDA400EF96B4 /* AppDelegate.swift in Sources */ = {isa = PBXBuildFile; fileRef = D33C9CFB2177EDA400EF96B4 /* AppDelegate.swift */; };
		D33C9CFE2177EDA400EF96B4 /* ViewController.swift in Sources */ = {isa = PBXBuildFile; fileRef = D33C9CFD2177EDA400EF96B4 /* ViewController.swift */; };
		D33C9D012177EDA400EF96B4 /* Main.storyboard in Resources */ = {isa = PBXBuildFile; fileRef = D33C9CFF2177EDA400EF96B4 /* Main.storyboard */; };
		D33C9D032177EDA500EF96B4 /* Assets.xcassets in Resources */ = {isa = PBXBuildFile; fileRef = D33C9D022177EDA500EF96B4 /* Assets.xcassets */; };
		D33C9D062177EDA500EF96B4 /* LaunchScreen.storyboard in Resources */ = {isa = PBXBuildFile; fileRef = D33C9D042177EDA500EF96B4 /* LaunchScreen.storyboard */; };
		D389FB8C2179639B00DB276E /* Currency+conversion.swift in Sources */ = {isa = PBXBuildFile; fileRef = D389FB8B2179639B00DB276E /* Currency+conversion.swift */; };
		D389FBA2217D3A5000DB276E /* SMAC Scanned Fillable.pdf in Resources */ = {isa = PBXBuildFile; fileRef = D389FBA1217D3A5000DB276E /* SMAC Scanned Fillable.pdf */; };
		D3F8BC182180D5DE00565DCC /* FinanceStruct.swift in Sources */ = {isa = PBXBuildFile; fileRef = D3F8BC172180D5DE00565DCC /* FinanceStruct.swift */; };
		D3FE02432182B2F3008847AD /* PDFViewController.swift in Sources */ = {isa = PBXBuildFile; fileRef = D3FE02422182B2F3008847AD /* PDFViewController.swift */; };
/* End PBXBuildFile section */

/* Begin PBXFileReference section */
		D33C9CF82177EDA400EF96B4 /* FinanceCalc.app */ = {isa = PBXFileReference; explicitFileType = wrapper.application; includeInIndex = 0; path = FinanceCalc.app; sourceTree = BUILT_PRODUCTS_DIR; };
		D33C9CFB2177EDA400EF96B4 /* AppDelegate.swift */ = {isa = PBXFileReference; lastKnownFileType = sourcecode.swift; path = AppDelegate.swift; sourceTree = "<group>"; };
		D33C9CFD2177EDA400EF96B4 /* ViewController.swift */ = {isa = PBXFileReference; lastKnownFileType = sourcecode.swift; path = ViewController.swift; sourceTree = "<group>"; };
		D33C9D002177EDA400EF96B4 /* Base */ = {isa = PBXFileReference; lastKnownFileType = file.storyboard; name = Base; path = Base.lproj/Main.storyboard; sourceTree = "<group>"; };
		D33C9D022177EDA500EF96B4 /* Assets.xcassets */ = {isa = PBXFileReference; lastKnownFileType = folder.assetcatalog; path = Assets.xcassets; sourceTree = "<group>"; };
		D33C9D052177EDA500EF96B4 /* Base */ = {isa = PBXFileReference; lastKnownFileType = file.storyboard; name = Base; path = Base.lproj/LaunchScreen.storyboard; sourceTree = "<group>"; };
		D33C9D072177EDA500EF96B4 /* Info.plist */ = {isa = PBXFileReference; lastKnownFileType = text.plist.xml; path = Info.plist; sourceTree = "<group>"; };
		D389FB8B2179639B00DB276E /* Currency+conversion.swift */ = {isa = PBXFileReference; lastKnownFileType = sourcecode.swift; name = "Currency+conversion.swift"; path = "Extensions/Currency+conversion.swift"; sourceTree = "<group>"; };
		D389FBA1217D3A5000DB276E /* SMAC Scanned Fillable.pdf */ = {isa = PBXFileReference; lastKnownFileType = image.pdf; path = "SMAC Scanned Fillable.pdf"; sourceTree = "<group>"; };
		D3F8BC172180D5DE00565DCC /* FinanceStruct.swift */ = {isa = PBXFileReference; lastKnownFileType = sourcecode.swift; path = FinanceStruct.swift; sourceTree = "<group>"; };
		D3FE02422182B2F3008847AD /* PDFViewController.swift */ = {isa = PBXFileReference; lastKnownFileType = sourcecode.swift; path = PDFViewController.swift; sourceTree = "<group>"; };
/* End PBXFileReference section */

/* Begin PBXFrameworksBuildPhase section */
		D33C9CF52177EDA400EF96B4 /* Frameworks */ = {
			isa = PBXFrameworksBuildPhase;
			buildActionMask = 2147483647;
			files = (
			);
			runOnlyForDeploymentPostprocessing = 0;
		};
/* End PBXFrameworksBuildPhase section */

/* Begin PBXGroup section */
		D33C9CEF2177EDA400EF96B4 = {
			isa = PBXGroup;
			children = (
				D33C9CFA2177EDA400EF96B4 /* FinanceCalc */,
				D33C9CF92177EDA400EF96B4 /* Products */,
			);
			sourceTree = "<group>";
		};
		D33C9CF92177EDA400EF96B4 /* Products */ = {
			isa = PBXGroup;
			children = (
				D33C9CF82177EDA400EF96B4 /* FinanceCalc.app */,
			);
			name = Products;
			sourceTree = "<group>";
		};
		D33C9CFA2177EDA400EF96B4 /* FinanceCalc */ = {
			isa = PBXGroup;
			children = (
				D33C9CFF2177EDA400EF96B4 /* Main.storyboard */,
				D33C9CFD2177EDA400EF96B4 /* ViewController.swift */,
				D3FE02422182B2F3008847AD /* PDFViewController.swift */,
				D33C9D022177EDA500EF96B4 /* Assets.xcassets */,
				D389FBA1217D3A5000DB276E /* SMAC Scanned Fillable.pdf */,
				D3F8BC172180D5DE00565DCC /* FinanceStruct.swift */,
				D389FB8B2179639B00DB276E /* Currency+conversion.swift */,
				D33C9D042177EDA500EF96B4 /* LaunchScreen.storyboard */,
				D33C9CFB2177EDA400EF96B4 /* AppDelegate.swift */,
				D33C9D072177EDA500EF96B4 /* Info.plist */,
			);
			path = FinanceCalc;
			sourceTree = "<group>";
		};
/* End PBXGroup section */

/* Begin PBXNativeTarget section */
		D33C9CF72177EDA400EF96B4 /* FinanceCalc */ = {
			isa = PBXNativeTarget;
			buildConfigurationList = D33C9D0A2177EDA500EF96B4 /* Build configuration list for PBXNativeTarget "FinanceCalc" */;
			buildPhases = (
				D33C9CF42177EDA400EF96B4 /* Sources */,
				D33C9CF52177EDA400EF96B4 /* Frameworks */,
				D33C9CF62177EDA400EF96B4 /* Resources */,
			);
			buildRules = (
			);
			dependencies = (
			);
			name = FinanceCalc;
			productName = FinanceCalc;
			productReference = D33C9CF82177EDA400EF96B4 /* FinanceCalc.app */;
			productType = "com.apple.product-type.application";
		};
/* End PBXNativeTarget section */

/* Begin PBXProject section */
		D33C9CF02177EDA400EF96B4 /* Project object */ = {
			isa = PBXProject;
			attributes = {
				LastSwiftUpdateCheck = 1000;
				LastUpgradeCheck = 1000;
				ORGANIZATIONNAME = "Ian Jones";
				TargetAttributes = {
					D33C9CF72177EDA400EF96B4 = {
						CreatedOnToolsVersion = 10.0;
					};
				};
			};
			buildConfigurationList = D33C9CF32177EDA400EF96B4 /* Build configuration list for PBXProject "FinanceCalc" */;
			compatibilityVersion = "Xcode 9.3";
			developmentRegion = en;
			hasScannedForEncodings = 0;
			knownRegions = (
				en,
				Base,
			);
			mainGroup = D33C9CEF2177EDA400EF96B4;
			productRefGroup = D33C9CF92177EDA400EF96B4 /* Products */;
			projectDirPath = "";
			projectRoot = "";
			targets = (
				D33C9CF72177EDA400EF96B4 /* FinanceCalc */,
			);
		};
/* End PBXProject section */

/* Begin PBXResourcesBuildPhase section */
		D33C9CF62177EDA400EF96B4 /* Resources */ = {
			isa = PBXResourcesBuildPhase;
			buildActionMask = 2147483647;
			files = (
				D389FBA2217D3A5000DB276E /* SMAC Scanned Fillable.pdf in Resources */,
				D33C9D062177EDA500EF96B4 /* LaunchScreen.storyboard in Resources */,
				D33C9D032177EDA500EF96B4 /* Assets.xcassets in Resources */,
				D33C9D012177EDA400EF96B4 /* Main.storyboard in Resources */,
			);
			runOnlyForDeploymentPostprocessing = 0;
		};
/* End PBXResourcesBuildPhase section */

/* Begin PBXSourcesBuildPhase section */
		D33C9CF42177EDA400EF96B4 /* Sources */ = {
			isa = PBXSourcesBuildPhase;
			buildActionMask = 2147483647;
			files = (
				D3FE02432182B2F3008847AD /* PDFViewController.swift in Sources */,
				D33C9CFE2177EDA400EF96B4 /* ViewController.swift in Sources */,
				D389FB8C2179639B00DB276E /* Currency+conversion.swift in Sources */,
				D33C9CFC2177EDA400EF96B4 /* AppDelegate.swift in Sources */,
				D3F8BC182180D5DE00565DCC /* FinanceStruct.swift in Sources */,
			);
			runOnlyForDeploymentPostprocessing = 0;
		};
/* End PBXSourcesBuildPhase section */

/* Begin PBXVariantGroup section */
		D33C9CFF2177EDA400EF96B4 /* Main.storyboard */ = {
			isa = PBXVariantGroup;
			children = (
				D33C9D002177EDA400EF96B4 /* Base */,
			);
			name = Main.storyboard;
			sourceTree = "<group>";
		};
		D33C9D042177EDA500EF96B4 /* LaunchScreen.storyboard */ = {
			isa = PBXVariantGroup;
			children = (
				D33C9D052177EDA500EF96B4 /* Base */,
			);
			name = LaunchScreen.storyboard;
			sourceTree = "<group>";
		};
/* End PBXVariantGroup section */

/* Begin XCBuildConfiguration section */
		D33C9D082177EDA500EF96B4 /* Debug */ = {
			isa = XCBuildConfiguration;
			buildSettings = {
				ALWAYS_SEARCH_USER_PATHS = NO;
				CLANG_ANALYZER_NONNULL = YES;
				CLANG_ANALYZER_NUMBER_OBJECT_CONVERSION = YES_AGGRESSIVE;
				CLANG_CXX_LANGUAGE_STANDARD = "gnu++14";
				CLANG_CXX_LIBRARY = "libc++";
				CLANG_ENABLE_MODULES = YES;
				CLANG_ENABLE_OBJC_ARC = YES;
				CLANG_ENABLE_OBJC_WEAK = YES;
				CLANG_WARN_BLOCK_CAPTURE_AUTORELEASING = YES;
				CLANG_WARN_BOOL_CONVERSION = YES;
				CLANG_WARN_COMMA = YES;
				CLANG_WARN_CONSTANT_CONVERSION = YES;
				CLANG_WARN_DEPRECATED_OBJC_IMPLEMENTATIONS = YES;
				CLANG_WARN_DIRECT_OBJC_ISA_USAGE = YES_ERROR;
				CLANG_WARN_DOCUMENTATION_COMMENTS = YES;
				CLANG_WARN_EMPTY_BODY = YES;
				CLANG_WARN_ENUM_CONVERSION = YES;
				CLANG_WARN_INFINITE_RECURSION = YES;
				CLANG_WARN_INT_CONVERSION = YES;
				CLANG_WARN_NON_LITERAL_NULL_CONVERSION = YES;
				CLANG_WARN_OBJC_IMPLICIT_RETAIN_SELF = YES;
				CLANG_WARN_OBJC_LITERAL_CONVERSION = YES;
				CLANG_WARN_OBJC_ROOT_CLASS = YES_ERROR;
				CLANG_WARN_RANGE_LOOP_ANALYSIS = YES;
				CLANG_WARN_STRICT_PROTOTYPES = YES;
				CLANG_WARN_SUSPICIOUS_MOVE = YES;
				CLANG_WARN_UNGUARDED_AVAILABILITY = YES_AGGRESSIVE;
				CLANG_WARN_UNREACHABLE_CODE = YES;
				CLANG_WARN__DUPLICATE_METHOD_MATCH = YES;
				CODE_SIGN_IDENTITY = "iPhone Developer";
				COPY_PHASE_STRIP = NO;
				DEBUG_INFORMATION_FORMAT = dwarf;
				ENABLE_STRICT_OBJC_MSGSEND = YES;
				ENABLE_TESTABILITY = YES;
				GCC_C_LANGUAGE_STANDARD = gnu11;
				GCC_DYNAMIC_NO_PIC = NO;
				GCC_NO_COMMON_BLOCKS = YES;
				GCC_OPTIMIZATION_LEVEL = 0;
				GCC_PREPROCESSOR_DEFINITIONS = (
					"DEBUG=1",
					"$(inherited)",
				);
				GCC_WARN_64_TO_32_BIT_CONVERSION = YES;
				GCC_WARN_ABOUT_RETURN_TYPE = YES_ERROR;
				GCC_WARN_UNDECLARED_SELECTOR = YES;
				GCC_WARN_UNINITIALIZED_AUTOS = YES_AGGRESSIVE;
				GCC_WARN_UNUSED_FUNCTION = YES;
				GCC_WARN_UNUSED_VARIABLE = YES;
				IPHONEOS_DEPLOYMENT_TARGET = 12.0;
				MTL_ENABLE_DEBUG_INFO = INCLUDE_SOURCE;
				MTL_FAST_MATH = YES;
				ONLY_ACTIVE_ARCH = YES;
				SDKROOT = iphoneos;
				SWIFT_ACTIVE_COMPILATION_CONDITIONS = DEBUG;
				SWIFT_OPTIMIZATION_LEVEL = "-Onone";
			};
			name = Debug;
		};
		D33C9D092177EDA500EF96B4 /* Release */ = {
			isa = XCBuildConfiguration;
			buildSettings = {
				ALWAYS_SEARCH_USER_PATHS = NO;
				CLANG_ANALYZER_NONNULL = YES;
				CLANG_ANALYZER_NUMBER_OBJECT_CONVERSION = YES_AGGRESSIVE;
				CLANG_CXX_LANGUAGE_STANDARD = "gnu++14";
				CLANG_CXX_LIBRARY = "libc++";
				CLANG_ENABLE_MODULES = YES;
				CLANG_ENABLE_OBJC_ARC = YES;
				CLANG_ENABLE_OBJC_WEAK = YES;
				CLANG_WARN_BLOCK_CAPTURE_AUTORELEASING = YES;
				CLANG_WARN_BOOL_CONVERSION = YES;
				CLANG_WARN_COMMA = YES;
				CLANG_WARN_CONSTANT_CONVERSION = YES;
				CLANG_WARN_DEPRECATED_OBJC_IMPLEMENTATIONS = YES;
				CLANG_WARN_DIRECT_OBJC_ISA_USAGE = YES_ERROR;
				CLANG_WARN_DOCUMENTATION_COMMENTS = YES;
				CLANG_WARN_EMPTY_BODY = YES;
				CLANG_WARN_ENUM_CONVERSION = YES;
				CLANG_WARN_INFINITE_RECURSION = YES;
				CLANG_WARN_INT_CONVERSION = YES;
				CLANG_WARN_NON_LITERAL_NULL_CONVERSION = YES;
				CLANG_WARN_OBJC_IMPLICIT_RETAIN_SELF = YES;
				CLANG_WARN_OBJC_LITERAL_CONVERSION = YES;
				CLANG_WARN_OBJC_ROOT_CLASS = YES_ERROR;
				CLANG_WARN_RANGE_LOOP_ANALYSIS = YES;
				CLANG_WARN_STRICT_PROTOTYPES = YES;
				CLANG_WARN_SUSPICIOUS_MOVE = YES;
				CLANG_WARN_UNGUARDED_AVAILABILITY = YES_AGGRESSIVE;
				CLANG_WARN_UNREACHABLE_CODE = YES;
				CLANG_WARN__DUPLICATE_METHOD_MATCH = YES;
				CODE_SIGN_IDENTITY = "iPhone Developer";
				COPY_PHASE_STRIP = NO;
				DEBUG_INFORMATION_FORMAT = "dwarf-with-dsym";
				ENABLE_NS_ASSERTIONS = NO;
				ENABLE_STRICT_OBJC_MSGSEND = YES;
				GCC_C_LANGUAGE_STANDARD = gnu11;
				GCC_NO_COMMON_BLOCKS = YES;
				GCC_WARN_64_TO_32_BIT_CONVERSION = YES;
				GCC_WARN_ABOUT_RETURN_TYPE = YES_ERROR;
				GCC_WARN_UNDECLARED_SELECTOR = YES;
				GCC_WARN_UNINITIALIZED_AUTOS = YES_AGGRESSIVE;
				GCC_WARN_UNUSED_FUNCTION = YES;
				GCC_WARN_UNUSED_VARIABLE = YES;
				IPHONEOS_DEPLOYMENT_TARGET = 12.0;
				MTL_ENABLE_DEBUG_INFO = NO;
				MTL_FAST_MATH = YES;
				SDKROOT = iphoneos;
				SWIFT_COMPILATION_MODE = wholemodule;
				SWIFT_OPTIMIZATION_LEVEL = "-O";
				VALIDATE_PRODUCT = YES;
			};
			name = Release;
		};
		D33C9D0B2177EDA500EF96B4 /* Debug */ = {
			isa = XCBuildConfiguration;
			buildSettings = {
				ASSETCATALOG_COMPILER_APPICON_NAME = AppIcon;
				CODE_SIGN_STYLE = Automatic;
				DEVELOPMENT_TEAM = 7JC2H4442S;
				INFOPLIST_FILE = FinanceCalc/Info.plist;
				LD_RUNPATH_SEARCH_PATHS = (
					"$(inherited)",
					"@executable_path/Frameworks",
				);
				PRODUCT_BUNDLE_IDENTIFIER = com.example.FinanceCalc;
				PRODUCT_NAME = "$(TARGET_NAME)";
				SWIFT_VERSION = 4.2;
				TARGETED_DEVICE_FAMILY = 2;
			};
			name = Debug;
		};
		D33C9D0C2177EDA500EF96B4 /* Release */ = {
			isa = XCBuildConfiguration;
			buildSettings = {
				ASSETCATALOG_COMPILER_APPICON_NAME = AppIcon;
				CODE_SIGN_STYLE = Automatic;
				DEVELOPMENT_TEAM = 7JC2H4442S;
				INFOPLIST_FILE = FinanceCalc/Info.plist;
				LD_RUNPATH_SEARCH_PATHS = (
					"$(inherited)",
					"@executable_path/Frameworks",
				);
				PRODUCT_BUNDLE_IDENTIFIER = com.example.FinanceCalc;
				PRODUCT_NAME = "$(TARGET_NAME)";
				SWIFT_VERSION = 4.2;
				TARGETED_DEVICE_FAMILY = 2;
			};
			name = Release;
		};
/* End XCBuildConfiguration section */

/* Begin XCConfigurationList section */
		D33C9CF32177EDA400EF96B4 /* Build configuration list for PBXProject "FinanceCalc" */ = {
			isa = XCConfigurationList;
			buildConfigurations = (
				D33C9D082177EDA500EF96B4 /* Debug */,
				D33C9D092177EDA500EF96B4 /* Release */,
			);
			defaultConfigurationIsVisible = 0;
			defaultConfigurationName = Release;
		};
		D33C9D0A2177EDA500EF96B4 /* Build configuration list for PBXNativeTarget "FinanceCalc" */ = {
			isa = XCConfigurationList;
			buildConfigurations = (
				D33C9D0B2177EDA500EF96B4 /* Debug */,
				D33C9D0C2177EDA500EF96B4 /* Release */,
			);
			defaultConfigurationIsVisible = 0;
			defaultConfigurationName = Release;
		};
/* End XCConfigurationList section */
	};
	rootObject = D33C9CF02177EDA400EF96B4 /* Project object */;
}
